
Microsoft Visual Studio Solution File, Format Version 12.00
# Visual Studio Version 16
VisualStudioVersion = 16.0.29424.173
MinimumVisualStudioVersion = 10.0.40219.1
Project("{FAE04EC0-301F-11D3-BF4B-00C04F79EFBC}") = "MessengerWPF", "MessengerWPF\MessengerWPF.csproj", "{FFE4DD50-6DD4-4452-9394-69A41AE73B77}"
EndProject
Project("{FAE04EC0-301F-11D3-BF4B-00C04F79EFBC}") = "MessengerServer", "MessengerServer\MessengerServer.csproj", "{BA7DD063-6E2F-4F66-AE1A-92F41E0824A3}"
EndProject
Project("{FAE04EC0-301F-11D3-BF4B-00C04F79EFBC}") = "MessengerClient", "MessengerClient\MessengerClient.csproj", "{B3C6B821-B15C-4D79-8F79-397BAD52F3D3}"
EndProject
Global
	GlobalSection(SolutionConfigurationPlatforms) = preSolution
		Debug|Any CPU = Debug|Any CPU
		Release|Any CPU = Release|Any CPU
	EndGlobalSection
	GlobalSection(ProjectConfigurationPlatforms) = postSolution
		{FFE4DD50-6DD4-4452-9394-69A41AE73B77}.Debug|Any CPU.ActiveCfg = Debug|Any CPU
		{FFE4DD50-6DD4-4452-9394-69A41AE73B77}.Debug|Any CPU.Build.0 = Debug|Any CPU
		{FFE4DD50-6DD4-4452-9394-69A41AE73B77}.Release|Any CPU.ActiveCfg = Release|Any CPU
		{FFE4DD50-6DD4-4452-9394-69A41AE73B77}.Release|Any CPU.Build.0 = Release|Any CPU
		{BA7DD063-6E2F-4F66-AE1A-92F41E0824A3}.Debug|Any CPU.ActiveCfg = Debug|Any CPU
		{BA7DD063-6E2F-4F66-AE1A-92F41E0824A3}.Debug|Any CPU.Build.0 = Debug|Any CPU
		{BA7DD063-6E2F-4F66-AE1A-92F41E0824A3}.Release|Any CPU.ActiveCfg = Release|Any CPU
		{BA7DD063-6E2F-4F66-AE1A-92F41E0824A3}.Release|Any CPU.Build.0 = Release|Any CPU
		{B3C6B821-B15C-4D79-8F79-397BAD52F3D3}.Debug|Any CPU.ActiveCfg = Debug|Any CPU
		{B3C6B821-B15C-4D79-8F79-397BAD52F3D3}.Debug|Any CPU.Build.0 = Debug|Any CPU
		{B3C6B821-B15C-4D79-8F79-397BAD52F3D3}.Release|Any CPU.ActiveCfg = Release|Any CPU
		{B3C6B821-B15C-4D79-8F79-397BAD52F3D3}.Release|Any CPU.Build.0 = Release|Any CPU
	EndGlobalSection
	GlobalSection(SolutionProperties) = preSolution
		HideSolutionNode = FALSE
	EndGlobalSection
	GlobalSection(ExtensibilityGlobals) = postSolution
		SolutionGuid = {413C3951-331B-4876-B1E7-5ED44FE6606E}
	EndGlobalSection
EndGlobal
